
Microsoft Visual Studio Solution File, Format Version 12.00
# Visual Studio Version 16
VisualStudioVersion = 16.0.29613.14
MinimumVisualStudioVersion = 10.0.40219.1
Project("{FAE04EC0-301F-11D3-BF4B-00C04F79EFBC}") = "WebService", "WebService\WebService.csproj", "{8434981F-0FF6-48B2-9B0D-EEF78FA8623F}"
EndProject
Project("{FAE04EC0-301F-11D3-BF4B-00C04F79EFBC}") = "DatabaseClassLibrary", "DatabaseClassLibrary\DatabaseClassLibrary.csproj", "{5ADEA1EB-3EC0-486E-BE8D-B08FB88D6274}"
EndProject
Project("{FAE04EC0-301F-11D3-BF4B-00C04F79EFBC}") = "ClassLibrary", "ClassLibrary\ClassLibrary.csproj", "{C4DD26A4-2E4C-475C-8CB2-F2E2FE2A1A07}"
EndProject
Project("{FAE04EC0-301F-11D3-BF4B-00C04F79EFBC}") = "Forms", "Forms\Forms.csproj", "{8C47BA6E-39CB-4E0A-8060-0108CB05C955}"
EndProject
Global
	GlobalSection(SolutionConfigurationPlatforms) = preSolution
		Debug|Any CPU = Debug|Any CPU
		Release|Any CPU = Release|Any CPU
	EndGlobalSection
	GlobalSection(ProjectConfigurationPlatforms) = postSolution
		{8434981F-0FF6-48B2-9B0D-EEF78FA8623F}.Debug|Any CPU.ActiveCfg = Debug|Any CPU
		{8434981F-0FF6-48B2-9B0D-EEF78FA8623F}.Debug|Any CPU.Build.0 = Debug|Any CPU
		{8434981F-0FF6-48B2-9B0D-EEF78FA8623F}.Release|Any CPU.ActiveCfg = Release|Any CPU
		{8434981F-0FF6-48B2-9B0D-EEF78FA8623F}.Release|Any CPU.Build.0 = Release|Any CPU
		{5ADEA1EB-3EC0-486E-BE8D-B08FB88D6274}.Debug|Any CPU.ActiveCfg = Debug|Any CPU
		{5ADEA1EB-3EC0-486E-BE8D-B08FB88D6274}.Debug|Any CPU.Build.0 = Debug|Any CPU
		{5ADEA1EB-3EC0-486E-BE8D-B08FB88D6274}.Release|Any CPU.ActiveCfg = Release|Any CPU
		{5ADEA1EB-3EC0-486E-BE8D-B08FB88D6274}.Release|Any CPU.Build.0 = Release|Any CPU
		{C4DD26A4-2E4C-475C-8CB2-F2E2FE2A1A07}.Debug|Any CPU.ActiveCfg = Debug|Any CPU
		{C4DD26A4-2E4C-475C-8CB2-F2E2FE2A1A07}.Debug|Any CPU.Build.0 = Debug|Any CPU
		{C4DD26A4-2E4C-475C-8CB2-F2E2FE2A1A07}.Release|Any CPU.ActiveCfg = Release|Any CPU
		{C4DD26A4-2E4C-475C-8CB2-F2E2FE2A1A07}.Release|Any CPU.Build.0 = Release|Any CPU
		{8C47BA6E-39CB-4E0A-8060-0108CB05C955}.Debug|Any CPU.ActiveCfg = Debug|Any CPU
		{8C47BA6E-39CB-4E0A-8060-0108CB05C955}.Debug|Any CPU.Build.0 = Debug|Any CPU
		{8C47BA6E-39CB-4E0A-8060-0108CB05C955}.Release|Any CPU.ActiveCfg = Release|Any CPU
		{8C47BA6E-39CB-4E0A-8060-0108CB05C955}.Release|Any CPU.Build.0 = Release|Any CPU
	EndGlobalSection
	GlobalSection(SolutionProperties) = preSolution
		HideSolutionNode = FALSE
	EndGlobalSection
	GlobalSection(ExtensibilityGlobals) = postSolution
		SolutionGuid = {E0B22957-3A07-4C66-A07C-6896460ED9C0}
	EndGlobalSection
EndGlobal
